
Microsoft Visual Studio Solution File, Format Version 12.00
# Visual Studio Version 17
VisualStudioVersion = 17.7.34202.233
MinimumVisualStudioVersion = 10.0.40219.1
Project("{9A19103F-16F7-4668-BE54-9A1E7A4F7556}") = "EmployeeManagement.API", "src\External\EmployeeManagement.API\EmployeeManagement.API.csproj", "{3C0F3C8F-7385-4F50-B85C-71411DC591F9}"
EndProject
Project("{9A19103F-16F7-4668-BE54-9A1E7A4F7556}") = "EmployeeManagement.Infrastructure", "src\External\EmployeeManagement.Infrastructure\EmployeeManagement.Infrastructure.csproj", "{83E9EF48-8008-45FD-AAA8-2912E82E2859}"
EndProject
Project("{9A19103F-16F7-4668-BE54-9A1E7A4F7556}") = "EmployeeManagement.Application", "src\Core\EmployeeManagement.Application\EmployeeManagement.Application.csproj", "{B73F536F-A5C9-44CD-BA16-582E3C7BA68F}"
EndProject
Project("{FAE04EC0-301F-11D3-BF4B-00C04F79EFBC}") = "EmployeeManagement.Domain", "src\Core\EmployeeManagement.Domain\EmployeeManagement.Domain.csproj", "{A084426B-AEB6-4B28-AC79-B35E6D8EDF38}"
EndProject
Project("{2150E333-8FDC-42A3-9474-1A3956D46DE8}") = "src", "src", "{59DEDBA7-0D45-4407-A8EA-C2B2E75CE98D}"
EndProject
Project("{2150E333-8FDC-42A3-9474-1A3956D46DE8}") = "Core", "Core", "{D45A3E39-6B43-4031-9A4A-40CDAD793DB9}"
EndProject
Project("{2150E333-8FDC-42A3-9474-1A3956D46DE8}") = "External", "External", "{59147509-61A4-4728-A74A-FF65DAD3BA1B}"
EndProject
Global
	GlobalSection(SolutionConfigurationPlatforms) = preSolution
		Debug|Any CPU = Debug|Any CPU
		Release|Any CPU = Release|Any CPU
	EndGlobalSection
	GlobalSection(ProjectConfigurationPlatforms) = postSolution
		{3C0F3C8F-7385-4F50-B85C-71411DC591F9}.Debug|Any CPU.ActiveCfg = Debug|Any CPU
		{3C0F3C8F-7385-4F50-B85C-71411DC591F9}.Debug|Any CPU.Build.0 = Debug|Any CPU
		{3C0F3C8F-7385-4F50-B85C-71411DC591F9}.Release|Any CPU.ActiveCfg = Release|Any CPU
		{3C0F3C8F-7385-4F50-B85C-71411DC591F9}.Release|Any CPU.Build.0 = Release|Any CPU
		{83E9EF48-8008-45FD-AAA8-2912E82E2859}.Debug|Any CPU.ActiveCfg = Debug|Any CPU
		{83E9EF48-8008-45FD-AAA8-2912E82E2859}.Debug|Any CPU.Build.0 = Debug|Any CPU
		{83E9EF48-8008-45FD-AAA8-2912E82E2859}.Release|Any CPU.ActiveCfg = Release|Any CPU
		{83E9EF48-8008-45FD-AAA8-2912E82E2859}.Release|Any CPU.Build.0 = Release|Any CPU
		{B73F536F-A5C9-44CD-BA16-582E3C7BA68F}.Debug|Any CPU.ActiveCfg = Debug|Any CPU
		{B73F536F-A5C9-44CD-BA16-582E3C7BA68F}.Debug|Any CPU.Build.0 = Debug|Any CPU
		{B73F536F-A5C9-44CD-BA16-582E3C7BA68F}.Release|Any CPU.ActiveCfg = Release|Any CPU
		{B73F536F-A5C9-44CD-BA16-582E3C7BA68F}.Release|Any CPU.Build.0 = Release|Any CPU
		{A084426B-AEB6-4B28-AC79-B35E6D8EDF38}.Debug|Any CPU.ActiveCfg = Debug|Any CPU
		{A084426B-AEB6-4B28-AC79-B35E6D8EDF38}.Debug|Any CPU.Build.0 = Debug|Any CPU
		{A084426B-AEB6-4B28-AC79-B35E6D8EDF38}.Release|Any CPU.ActiveCfg = Release|Any CPU
		{A084426B-AEB6-4B28-AC79-B35E6D8EDF38}.Release|Any CPU.Build.0 = Release|Any CPU
	EndGlobalSection
	GlobalSection(SolutionProperties) = preSolution
		HideSolutionNode = FALSE
	EndGlobalSection
	GlobalSection(NestedProjects) = preSolution
		{3C0F3C8F-7385-4F50-B85C-71411DC591F9} = {59147509-61A4-4728-A74A-FF65DAD3BA1B}
		{83E9EF48-8008-45FD-AAA8-2912E82E2859} = {59147509-61A4-4728-A74A-FF65DAD3BA1B}
		{B73F536F-A5C9-44CD-BA16-582E3C7BA68F} = {D45A3E39-6B43-4031-9A4A-40CDAD793DB9}
		{A084426B-AEB6-4B28-AC79-B35E6D8EDF38} = {D45A3E39-6B43-4031-9A4A-40CDAD793DB9}
		{D45A3E39-6B43-4031-9A4A-40CDAD793DB9} = {59DEDBA7-0D45-4407-A8EA-C2B2E75CE98D}
		{59147509-61A4-4728-A74A-FF65DAD3BA1B} = {59DEDBA7-0D45-4407-A8EA-C2B2E75CE98D}
	EndGlobalSection
	GlobalSection(ExtensibilityGlobals) = postSolution
		SolutionGuid = {D70ABC62-6BBD-4DFA-A4B3-D9DE41816A0A}
	EndGlobalSection
EndGlobal
