
Microsoft Visual Studio Solution File, Format Version 12.00
# Visual Studio Version 17
VisualStudioVersion = 17.7.34202.233
MinimumVisualStudioVersion = 10.0.40219.1
Project("{9A19103F-16F7-4668-BE54-9A1E7A4F7556}") = "EmployeeManagement.API", "EmployeeManagement.API\EmployeeManagement.API.csproj", "{3C0F3C8F-7385-4F50-B85C-71411DC591F9}"
EndProject
Project("{FAE04EC0-301F-11D3-BF4B-00C04F79EFBC}") = "EmployeeManagement.Infrastructure", "EmployeeManagement.Infrastructure\EmployeeManagement.Infrastructure.csproj", "{83E9EF48-8008-45FD-AAA8-2912E82E2859}"
EndProject
Project("{FAE04EC0-301F-11D3-BF4B-00C04F79EFBC}") = "EmployeeManagement.Business", "EmployeeManagement.Business\EmployeeManagement.Business.csproj", "{B73F536F-A5C9-44CD-BA16-582E3C7BA68F}"
EndProject
Global
	GlobalSection(SolutionConfigurationPlatforms) = preSolution
		Debug|Any CPU = Debug|Any CPU
		Release|Any CPU = Release|Any CPU
	EndGlobalSection
	GlobalSection(ProjectConfigurationPlatforms) = postSolution
		{3C0F3C8F-7385-4F50-B85C-71411DC591F9}.Debug|Any CPU.ActiveCfg = Debug|Any CPU
		{3C0F3C8F-7385-4F50-B85C-71411DC591F9}.Debug|Any CPU.Build.0 = Debug|Any CPU
		{3C0F3C8F-7385-4F50-B85C-71411DC591F9}.Release|Any CPU.ActiveCfg = Release|Any CPU
		{3C0F3C8F-7385-4F50-B85C-71411DC591F9}.Release|Any CPU.Build.0 = Release|Any CPU
		{83E9EF48-8008-45FD-AAA8-2912E82E2859}.Debug|Any CPU.ActiveCfg = Debug|Any CPU
		{83E9EF48-8008-45FD-AAA8-2912E82E2859}.Debug|Any CPU.Build.0 = Debug|Any CPU
		{83E9EF48-8008-45FD-AAA8-2912E82E2859}.Release|Any CPU.ActiveCfg = Release|Any CPU
		{83E9EF48-8008-45FD-AAA8-2912E82E2859}.Release|Any CPU.Build.0 = Release|Any CPU
		{B73F536F-A5C9-44CD-BA16-582E3C7BA68F}.Debug|Any CPU.ActiveCfg = Debug|Any CPU
		{B73F536F-A5C9-44CD-BA16-582E3C7BA68F}.Debug|Any CPU.Build.0 = Debug|Any CPU
		{B73F536F-A5C9-44CD-BA16-582E3C7BA68F}.Release|Any CPU.ActiveCfg = Release|Any CPU
		{B73F536F-A5C9-44CD-BA16-582E3C7BA68F}.Release|Any CPU.Build.0 = Release|Any CPU
	EndGlobalSection
	GlobalSection(SolutionProperties) = preSolution
		HideSolutionNode = FALSE
	EndGlobalSection
	GlobalSection(ExtensibilityGlobals) = postSolution
		SolutionGuid = {D70ABC62-6BBD-4DFA-A4B3-D9DE41816A0A}
	EndGlobalSection
EndGlobal
